// !$*UTF8*$!
{
	archiveVersion = 1;
	classes = {
	};
	objectVersion = 46;
	objects = {

/* Begin PBXBuildFile section */
		DF0B1CF01AACBA0300E4FA33 /* main.m in Sources */ = {isa = PBXBuildFile; fileRef = DF0B1CEF1AACBA0300E4FA33 /* main.m */; };
/* End PBXBuildFile section */

/* Begin PBXCopyFilesBuildPhase section */
		DF0B1CEA1AACBA0300E4FA33 /* CopyFiles */ = {
			isa = PBXCopyFilesBuildPhase;
			buildActionMask = 2147483647;
			dstPath = /usr/share/man/man1/;
			dstSubfolderSpec = 0;
			files = (
			);
			runOnlyForDeploymentPostprocessing = 1;
		};
/* End PBXCopyFilesBuildPhase section */

/* Begin PBXFileReference section */
		DF0B1CEC1AACBA0300E4FA33 /* concurrency-pthread */ = {isa = PBXFileReference; explicitFileType = "compiled.mach-o.executable"; includeInIndex = 0; path = "concurrency-pthread"; sourceTree = BUILT_PRODUCTS_DIR; };
		DF0B1CEF1AACBA0300E4FA33 /* main.m */ = {isa = PBXFileReference; lastKnownFileType = sourcecode.c.objc; path = main.m; sourceTree = "<group>"; };
/* End PBXFileReference section */

/* Begin PBXFrameworksBuildPhase section */
		DF0B1CE91AACBA0300E4FA33 /* Frameworks */ = {
			isa = PBXFrameworksBuildPhase;
			buildActionMask = 2147483647;
			files = (
			);
			runOnlyForDeploymentPostprocessing = 0;
		};
/* End PBXFrameworksBuildPhase section */

/* Begin PBXGroup section */
		DF0B1CE31AACBA0300E4FA33 = {
			isa = PBXGroup;
			children = (
				DF0B1CEE1AACBA0300E4FA33 /* concurrency-pthread */,
				DF0B1CED1AACBA0300E4FA33 /* Products */,
			);
			sourceTree = "<group>";
		};
		DF0B1CED1AACBA0300E4FA33 /* Products */ = {
			isa = PBXGroup;
			children = (
				DF0B1CEC1AACBA0300E4FA33 /* concurrency-pthread */,
			);
			name = Products;
			sourceTree = "<group>";
		};
		DF0B1CEE1AACBA0300E4FA33 /* concurrency-pthread */ = {
			isa = PBXGroup;
			children = (
				DF0B1CEF1AACBA0300E4FA33 /* main.m */,
			);
			path = "concurrency-pthread";
			sourceTree = "<group>";
		};
/* End PBXGroup section */

/* Begin PBXNativeTarget section */
		DF0B1CEB1AACBA0300E4FA33 /* concurrency-pthread */ = {
			isa = PBXNativeTarget;
			buildConfigurationList = DF0B1CF31AACBA0300E4FA33 /* Build configuration list for PBXNativeTarget "concurrency-pthread" */;
			buildPhases = (
				DF0B1CE81AACBA0300E4FA33 /* Sources */,
				DF0B1CE91AACBA0300E4FA33 /* Frameworks */,
				DF0B1CEA1AACBA0300E4FA33 /* CopyFiles */,
			);
			buildRules = (
			);
			dependencies = (
			);
			name = "concurrency-pthread";
			productName = "concurrency-pthread";
			productReference = DF0B1CEC1AACBA0300E4FA33 /* concurrency-pthread */;
			productType = "com.apple.product-type.tool";
		};
/* End PBXNativeTarget section */

/* Begin PBXProject section */
		DF0B1CE41AACBA0300E4FA33 /* Project object */ = {
			isa = PBXProject;
			attributes = {
				LastUpgradeCheck = 0610;
				ORGANIZATIONNAME = app;
				TargetAttributes = {
					DF0B1CEB1AACBA0300E4FA33 = {
						CreatedOnToolsVersion = 6.1.1;
					};
				};
			};
			buildConfigurationList = DF0B1CE71AACBA0300E4FA33 /* Build configuration list for PBXProject "concurrency-pthread" */;
			compatibilityVersion = "Xcode 3.2";
			developmentRegion = English;
			hasScannedForEncodings = 0;
			knownRegions = (
				en,
			);
			mainGroup = DF0B1CE31AACBA0300E4FA33;
			productRefGroup = DF0B1CED1AACBA0300E4FA33 /* Products */;
			projectDirPath = "";
			projectRoot = "";
			targets = (
				DF0B1CEB1AACBA0300E4FA33 /* concurrency-pthread */,
			);
		};
/* End PBXProject section */

/* Begin PBXSourcesBuildPhase section */
		DF0B1CE81AACBA0300E4FA33 /* Sources */ = {
			isa = PBXSourcesBuildPhase;
			buildActionMask = 2147483647;
			files = (
				DF0B1CF01AACBA0300E4FA33 /* main.m in Sources */,
			);
			runOnlyForDeploymentPostprocessing = 0;
		};
/* End PBXSourcesBuildPhase section */

/* Begin XCBuildConfiguration section */
		DF0B1CF11AACBA0300E4FA33 /* Debug */ = {
			isa = XCBuildConfiguration;
			buildSettings = {
				ALWAYS_SEARCH_USER_PATHS = NO;
				CLANG_CXX_LANGUAGE_STANDARD = "gnu++0x";
				CLANG_CXX_LIBRARY = "libc++";
				CLANG_ENABLE_MODULES = YES;
				CLANG_ENABLE_OBJC_ARC = YES;
				CLANG_WARN_BOOL_CONVERSION = YES;
				CLANG_WARN_CONSTANT_CONVERSION = YES;
				CLANG_WARN_DIRECT_OBJC_ISA_USAGE = YES_ERROR;
				CLANG_WARN_EMPTY_BODY = YES;
				CLANG_WARN_ENUM_CONVERSION = YES;
				CLANG_WARN_INT_CONVERSION = YES;
				CLANG_WARN_OBJC_ROOT_CLASS = YES_ERROR;
				CLANG_WARN_UNREACHABLE_CODE = YES;
				CLANG_WARN__DUPLICATE_METHOD_MATCH = YES;
				COPY_PHASE_STRIP = NO;
				ENABLE_STRICT_OBJC_MSGSEND = YES;
				GCC_C_LANGUAGE_STANDARD = gnu99;
				GCC_DYNAMIC_NO_PIC = NO;
				GCC_OPTIMIZATION_LEVEL = 0;
				GCC_PREPROCESSOR_DEFINITIONS = (
					"DEBUG=1",
					"$(inherited)",
				);
				GCC_SYMBOLS_PRIVATE_EXTERN = NO;
				GCC_WARN_64_TO_32_BIT_CONVERSION = YES;
				GCC_WARN_ABOUT_RETURN_TYPE = YES_ERROR;
				GCC_WARN_UNDECLARED_SELECTOR = YES;
				GCC_WARN_UNINITIALIZED_AUTOS = YES_AGGRESSIVE;
				GCC_WARN_UNUSED_FUNCTION = YES;
				GCC_WARN_UNUSED_VARIABLE = YES;
				MACOSX_DEPLOYMENT_TARGET = 10.10;
				MTL_ENABLE_DEBUG_INFO = YES;
				ONLY_ACTIVE_ARCH = YES;
				SDKROOT = macosx;
			};
			name = Debug;
		};
		DF0B1CF21AACBA0300E4FA33 /* Release */ = {
			isa = XCBuildConfiguration;
			buildSettings = {
				ALWAYS_SEARCH_USER_PATHS = NO;
				CLANG_CXX_LANGUAGE_STANDARD = "gnu++0x";
				CLANG_CXX_LIBRARY = "libc++";
				CLANG_ENABLE_MODULES = YES;
				CLANG_ENABLE_OBJC_ARC = YES;
				CLANG_WARN_BOOL_CONVERSION = YES;
				CLANG_WARN_CONSTANT_CONVERSION = YES;
				CLANG_WARN_DIRECT_OBJC_ISA_USAGE = YES_ERROR;
				CLANG_WARN_EMPTY_BODY = YES;
				CLANG_WARN_ENUM_CONVERSION = YES;
				CLANG_WARN_INT_CONVERSION = YES;
				CLANG_WARN_OBJC_ROOT_CLASS = YES_ERROR;
				CLANG_WARN_UNREACHABLE_CODE = YES;
				CLANG_WARN__DUPLICATE_METHOD_MATCH = YES;
				COPY_PHASE_STRIP = YES;
				DEBUG_INFORMATION_FORMAT = "dwarf-with-dsym";
				ENABLE_NS_ASSERTIONS = NO;
				ENABLE_STRICT_OBJC_MSGSEND = YES;
				GCC_C_LANGUAGE_STANDARD = gnu99;
				GCC_WARN_64_TO_32_BIT_CONVERSION = YES;
				GCC_WARN_ABOUT_RETURN_TYPE = YES_ERROR;
				GCC_WARN_UNDECLARED_SELECTOR = YES;
				GCC_WARN_UNINITIALIZED_AUTOS = YES_AGGRESSIVE;
				GCC_WARN_UNUSED_FUNCTION = YES;
				GCC_WARN_UNUSED_VARIABLE = YES;
				MACOSX_DEPLOYMENT_TARGET = 10.10;
				MTL_ENABLE_DEBUG_INFO = NO;
				SDKROOT = macosx;
			};
			name = Release;
		};
		DF0B1CF41AACBA0300E4FA33 /* Debug */ = {
			isa = XCBuildConfiguration;
			buildSettings = {
				PRODUCT_NAME = "$(TARGET_NAME)";
			};
			name = Debug;
		};
		DF0B1CF51AACBA0300E4FA33 /* Release */ = {
			isa = XCBuildConfiguration;
			buildSettings = {
				PRODUCT_NAME = "$(TARGET_NAME)";
			};
			name = Release;
		};
/* End XCBuildConfiguration section */

/* Begin XCConfigurationList section */
		DF0B1CE71AACBA0300E4FA33 /* Build configuration list for PBXProject "concurrency-pthread" */ = {
			isa = XCConfigurationList;
			buildConfigurations = (
				DF0B1CF11AACBA0300E4FA33 /* Debug */,
				DF0B1CF21AACBA0300E4FA33 /* Release */,
			);
			defaultConfigurationIsVisible = 0;
			defaultConfigurationName = Release;
		};
		DF0B1CF31AACBA0300E4FA33 /* Build configuration list for PBXNativeTarget "concurrency-pthread" */ = {
			isa = XCConfigurationList;
			buildConfigurations = (
				DF0B1CF41AACBA0300E4FA33 /* Debug */,
				DF0B1CF51AACBA0300E4FA33 /* Release */,
			);
			defaultConfigurationIsVisible = 0;
		};
/* End XCConfigurationList section */
	};
	rootObject = DF0B1CE41AACBA0300E4FA33 /* Project object */;
}
